
Microsoft Visual Studio Solution File, Format Version 12.00
# Visual Studio 15
VisualStudioVersion = 15.0.27428.1
MinimumVisualStudioVersion = 10.0.40219.1
Project("{9A19103F-16F7-4668-BE54-9A1E7A4F7556}") = "PatGG.Api", "PatGG.Api\PatGG.Api.csproj", "{B4BCE364-FD37-4342-9BAE-6596EC15D2F6}"
EndProject
Project("{E53339B2-1760-4266-BCC7-CA923CBCF16C}") = "docker-compose", "docker-compose.dcproj", "{7FC2B210-9618-4F5A-A882-E7C58D2F1BEB}"
EndProject
Project("{FAE04EC0-301F-11D3-BF4B-00C04F79EFBC}") = "PatGG.Core", "PatGG.Core\PatGG.Core.csproj", "{1DC75494-7058-4195-87DE-4E1CF68C6885}"
EndProject
Project("{FAE04EC0-301F-11D3-BF4B-00C04F79EFBC}") = "PatGG.Domain", "PatGG.Domain\PatGG.Domain.csproj", "{6497EA2F-FF3C-45FD-8FB3-2334EAF287EC}"
EndProject
Project("{FAE04EC0-301F-11D3-BF4B-00C04F79EFBC}") = "PatGG.Data", "PatGG.Data\PatGG.Data.csproj", "{6B0CB328-2B77-4B7D-A044-7626307D7AA7}"
EndProject
Global
	GlobalSection(SolutionConfigurationPlatforms) = preSolution
		Debug|Any CPU = Debug|Any CPU
		Release|Any CPU = Release|Any CPU
	EndGlobalSection
	GlobalSection(ProjectConfigurationPlatforms) = postSolution
		{B4BCE364-FD37-4342-9BAE-6596EC15D2F6}.Debug|Any CPU.ActiveCfg = Debug|Any CPU
		{B4BCE364-FD37-4342-9BAE-6596EC15D2F6}.Debug|Any CPU.Build.0 = Debug|Any CPU
		{B4BCE364-FD37-4342-9BAE-6596EC15D2F6}.Release|Any CPU.ActiveCfg = Release|Any CPU
		{B4BCE364-FD37-4342-9BAE-6596EC15D2F6}.Release|Any CPU.Build.0 = Release|Any CPU
		{7FC2B210-9618-4F5A-A882-E7C58D2F1BEB}.Debug|Any CPU.ActiveCfg = Debug|Any CPU
		{7FC2B210-9618-4F5A-A882-E7C58D2F1BEB}.Debug|Any CPU.Build.0 = Debug|Any CPU
		{7FC2B210-9618-4F5A-A882-E7C58D2F1BEB}.Release|Any CPU.ActiveCfg = Release|Any CPU
		{7FC2B210-9618-4F5A-A882-E7C58D2F1BEB}.Release|Any CPU.Build.0 = Release|Any CPU
		{1DC75494-7058-4195-87DE-4E1CF68C6885}.Debug|Any CPU.ActiveCfg = Debug|Any CPU
		{1DC75494-7058-4195-87DE-4E1CF68C6885}.Debug|Any CPU.Build.0 = Debug|Any CPU
		{1DC75494-7058-4195-87DE-4E1CF68C6885}.Release|Any CPU.ActiveCfg = Release|Any CPU
		{1DC75494-7058-4195-87DE-4E1CF68C6885}.Release|Any CPU.Build.0 = Release|Any CPU
		{6497EA2F-FF3C-45FD-8FB3-2334EAF287EC}.Debug|Any CPU.ActiveCfg = Debug|Any CPU
		{6497EA2F-FF3C-45FD-8FB3-2334EAF287EC}.Debug|Any CPU.Build.0 = Debug|Any CPU
		{6497EA2F-FF3C-45FD-8FB3-2334EAF287EC}.Release|Any CPU.ActiveCfg = Release|Any CPU
		{6497EA2F-FF3C-45FD-8FB3-2334EAF287EC}.Release|Any CPU.Build.0 = Release|Any CPU
		{6B0CB328-2B77-4B7D-A044-7626307D7AA7}.Debug|Any CPU.ActiveCfg = Debug|Any CPU
		{6B0CB328-2B77-4B7D-A044-7626307D7AA7}.Debug|Any CPU.Build.0 = Debug|Any CPU
		{6B0CB328-2B77-4B7D-A044-7626307D7AA7}.Release|Any CPU.ActiveCfg = Release|Any CPU
		{6B0CB328-2B77-4B7D-A044-7626307D7AA7}.Release|Any CPU.Build.0 = Release|Any CPU
	EndGlobalSection
	GlobalSection(SolutionProperties) = preSolution
		HideSolutionNode = FALSE
	EndGlobalSection
	GlobalSection(ExtensibilityGlobals) = postSolution
		SolutionGuid = {BB14C543-FAD3-4CAD-9E39-E95D0446E65A}
	EndGlobalSection
EndGlobal
