
Microsoft Visual Studio Solution File, Format Version 12.00
# Visual Studio 15
VisualStudioVersion = 15.0.27428.1
MinimumVisualStudioVersion = 10.0.40219.1
Project("{FAE04EC0-301F-11D3-BF4B-00C04F79EFBC}") = "PatGG", "PatGG\PatGG.csproj", "{B4BCE364-FD37-4342-9BAE-6596EC15D2F6}"
EndProject
Project("{E53339B2-1760-4266-BCC7-CA923CBCF16C}") = "docker-compose", "docker-compose.dcproj", "{7FC2B210-9618-4F5A-A882-E7C58D2F1BEB}"
EndProject
Global
	GlobalSection(SolutionConfigurationPlatforms) = preSolution
		Debug|Any CPU = Debug|Any CPU
		Release|Any CPU = Release|Any CPU
	EndGlobalSection
	GlobalSection(ProjectConfigurationPlatforms) = postSolution
		{B4BCE364-FD37-4342-9BAE-6596EC15D2F6}.Debug|Any CPU.ActiveCfg = Debug|Any CPU
		{B4BCE364-FD37-4342-9BAE-6596EC15D2F6}.Debug|Any CPU.Build.0 = Debug|Any CPU
		{B4BCE364-FD37-4342-9BAE-6596EC15D2F6}.Release|Any CPU.ActiveCfg = Release|Any CPU
		{B4BCE364-FD37-4342-9BAE-6596EC15D2F6}.Release|Any CPU.Build.0 = Release|Any CPU
		{7FC2B210-9618-4F5A-A882-E7C58D2F1BEB}.Debug|Any CPU.ActiveCfg = Debug|Any CPU
		{7FC2B210-9618-4F5A-A882-E7C58D2F1BEB}.Debug|Any CPU.Build.0 = Debug|Any CPU
		{7FC2B210-9618-4F5A-A882-E7C58D2F1BEB}.Release|Any CPU.ActiveCfg = Release|Any CPU
		{7FC2B210-9618-4F5A-A882-E7C58D2F1BEB}.Release|Any CPU.Build.0 = Release|Any CPU
	EndGlobalSection
	GlobalSection(SolutionProperties) = preSolution
		HideSolutionNode = FALSE
	EndGlobalSection
	GlobalSection(ExtensibilityGlobals) = postSolution
		SolutionGuid = {BB14C543-FAD3-4CAD-9E39-E95D0446E65A}
	EndGlobalSection
EndGlobal
